// !$*UTF8*$!
{
	archiveVersion = 1;
	classes = {
	};
	objectVersion = 56;
	objects = {

/* Begin PBXBuildFile section */
		850B739729D4819F00620497 /* ErrorWrapper.swift in Sources */ = {isa = PBXBuildFile; fileRef = 850B739629D4819F00620497 /* ErrorWrapper.swift */; };
		850B739929D4823500620497 /* ErrorView.swift in Sources */ = {isa = PBXBuildFile; fileRef = 850B739829D4823500620497 /* ErrorView.swift */; };
		850B890329CE45CA00F02AF2 /* ScrumTimer.swift in Sources */ = {isa = PBXBuildFile; fileRef = 850B890229CE45CA00F02AF2 /* ScrumTimer.swift */; };
		850B890529CE554500F02AF2 /* MeetingFooterView.swift in Sources */ = {isa = PBXBuildFile; fileRef = 850B890429CE554500F02AF2 /* MeetingFooterView.swift */; };
		850B890729CE590C00F02AF2 /* AVPlayer+Ding.swift in Sources */ = {isa = PBXBuildFile; fileRef = 850B890629CE590C00F02AF2 /* AVPlayer+Ding.swift */; };
		851F122E29CA91F60053444F /* ThemeView.swift in Sources */ = {isa = PBXBuildFile; fileRef = 851F122D29CA91F60053444F /* ThemeView.swift */; };
		851F123029CA92EC0053444F /* ThemePickerView.swift in Sources */ = {isa = PBXBuildFile; fileRef = 851F122F29CA92EC0053444F /* ThemePickerView.swift */; };
		8527A22D29C3297200BF57E2 /* ThemeModel.swift in Sources */ = {isa = PBXBuildFile; fileRef = 8527A22C29C3297200BF57E2 /* ThemeModel.swift */; };
		8527A22F29C32BD100BF57E2 /* DailyScrumModel.swift in Sources */ = {isa = PBXBuildFile; fileRef = 8527A22E29C32BD100BF57E2 /* DailyScrumModel.swift */; };
		8527A23129C334F100BF57E2 /* CardView.swift in Sources */ = {isa = PBXBuildFile; fileRef = 8527A23029C334F100BF57E2 /* CardView.swift */; };
		8527A23329C336B300BF57E2 /* TrailingIconLabelStyle.swift in Sources */ = {isa = PBXBuildFile; fileRef = 8527A23229C336B300BF57E2 /* TrailingIconLabelStyle.swift */; };
		8536A6DA29C52DD5001E4488 /* ScrumsView.swift in Sources */ = {isa = PBXBuildFile; fileRef = 8536A6D929C52DD5001E4488 /* ScrumsView.swift */; };
		853B2B1229D8D4AE0008FA90 /* SpeechRecognition.swift in Sources */ = {isa = PBXBuildFile; fileRef = 853B2B1129D8D4AE0008FA90 /* SpeechRecognition.swift */; };
		853B2B1429D8D7CA0008FA90 /* HistoryView.swift in Sources */ = {isa = PBXBuildFile; fileRef = 853B2B1329D8D7CA0008FA90 /* HistoryView.swift */; };
		8589BAFD29CFAD2300599E9F /* History.swift in Sources */ = {isa = PBXBuildFile; fileRef = 8589BAFC29CFAD2300599E9F /* History.swift */; };
		85A0ED1E29CE2690001C64EA /* MeetingHeaderVIew.swift in Sources */ = {isa = PBXBuildFile; fileRef = 85A0ED1D29CE2690001C64EA /* MeetingHeaderVIew.swift */; };
		85A0ED2229CE2F61001C64EA /* ScrumProgressViewStyle.swift in Sources */ = {isa = PBXBuildFile; fileRef = 85A0ED2129CE2F61001C64EA /* ScrumProgressViewStyle.swift */; };
		85B1D91F29D085B8007D7F54 /* ScrumStore.swift in Sources */ = {isa = PBXBuildFile; fileRef = 85B1D91E29D085B8007D7F54 /* ScrumStore.swift */; };
		85D2031B29C0D97F008758E8 /* ScrumdingerApp.swift in Sources */ = {isa = PBXBuildFile; fileRef = 85D2031A29C0D97F008758E8 /* ScrumdingerApp.swift */; };
		85D2031D29C0D97F008758E8 /* MettingView.swift in Sources */ = {isa = PBXBuildFile; fileRef = 85D2031C29C0D97F008758E8 /* MettingView.swift */; };
		85D2031F29C0D980008758E8 /* Assets.xcassets in Resources */ = {isa = PBXBuildFile; fileRef = 85D2031E29C0D980008758E8 /* Assets.xcassets */; };
		85D2032229C0D980008758E8 /* Preview Assets.xcassets in Resources */ = {isa = PBXBuildFile; fileRef = 85D2032129C0D980008758E8 /* Preview Assets.xcassets */; };
		85DBE2E729D5CD8900322EB9 /* MeetingTimerView.swift in Sources */ = {isa = PBXBuildFile; fileRef = 85DBE2E629D5CD8900322EB9 /* MeetingTimerView.swift */; };
		85DBE2E929D5DE0900322EB9 /* SpeakerArc.swift in Sources */ = {isa = PBXBuildFile; fileRef = 85DBE2E829D5DE0900322EB9 /* SpeakerArc.swift */; };
		85E0DBEC29C7C6DA00325B60 /* ExtensionColor.swift in Sources */ = {isa = PBXBuildFile; fileRef = 85E0DBEB29C7C6DA00325B60 /* ExtensionColor.swift */; };
		85E0DBEE29C7DB1100325B60 /* DetailView.swift in Sources */ = {isa = PBXBuildFile; fileRef = 85E0DBED29C7DB1100325B60 /* DetailView.swift */; };
		85E0DBF129C8724500325B60 /* DetailEditView.swift in Sources */ = {isa = PBXBuildFile; fileRef = 85E0DBF029C8724500325B60 /* DetailEditView.swift */; };
/* End PBXBuildFile section */

/* Begin PBXFileReference section */
		850B739629D4819F00620497 /* ErrorWrapper.swift */ = {isa = PBXFileReference; lastKnownFileType = sourcecode.swift; path = ErrorWrapper.swift; sourceTree = "<group>"; };
		850B739829D4823500620497 /* ErrorView.swift */ = {isa = PBXFileReference; lastKnownFileType = sourcecode.swift; path = ErrorView.swift; sourceTree = "<group>"; };
		850B890229CE45CA00F02AF2 /* ScrumTimer.swift */ = {isa = PBXFileReference; lastKnownFileType = sourcecode.swift; path = ScrumTimer.swift; sourceTree = "<group>"; };
		850B890429CE554500F02AF2 /* MeetingFooterView.swift */ = {isa = PBXFileReference; lastKnownFileType = sourcecode.swift; path = MeetingFooterView.swift; sourceTree = "<group>"; };
		850B890629CE590C00F02AF2 /* AVPlayer+Ding.swift */ = {isa = PBXFileReference; lastKnownFileType = sourcecode.swift; path = "AVPlayer+Ding.swift"; sourceTree = "<group>"; };
		851F122D29CA91F60053444F /* ThemeView.swift */ = {isa = PBXFileReference; lastKnownFileType = sourcecode.swift; path = ThemeView.swift; sourceTree = "<group>"; };
		851F122F29CA92EC0053444F /* ThemePickerView.swift */ = {isa = PBXFileReference; lastKnownFileType = sourcecode.swift; path = ThemePickerView.swift; sourceTree = "<group>"; };
		8527A22C29C3297200BF57E2 /* ThemeModel.swift */ = {isa = PBXFileReference; lastKnownFileType = sourcecode.swift; path = ThemeModel.swift; sourceTree = "<group>"; };
		8527A22E29C32BD100BF57E2 /* DailyScrumModel.swift */ = {isa = PBXFileReference; lastKnownFileType = sourcecode.swift; path = DailyScrumModel.swift; sourceTree = "<group>"; };
		8527A23029C334F100BF57E2 /* CardView.swift */ = {isa = PBXFileReference; lastKnownFileType = sourcecode.swift; path = CardView.swift; sourceTree = "<group>"; };
		8527A23229C336B300BF57E2 /* TrailingIconLabelStyle.swift */ = {isa = PBXFileReference; lastKnownFileType = sourcecode.swift; path = TrailingIconLabelStyle.swift; sourceTree = "<group>"; };
		8536A6D929C52DD5001E4488 /* ScrumsView.swift */ = {isa = PBXFileReference; lastKnownFileType = sourcecode.swift; path = ScrumsView.swift; sourceTree = "<group>"; };
		853B2B1129D8D4AE0008FA90 /* SpeechRecognition.swift */ = {isa = PBXFileReference; lastKnownFileType = sourcecode.swift; path = SpeechRecognition.swift; sourceTree = "<group>"; };
		853B2B1329D8D7CA0008FA90 /* HistoryView.swift */ = {isa = PBXFileReference; lastKnownFileType = sourcecode.swift; path = HistoryView.swift; sourceTree = "<group>"; };
		8589BAFC29CFAD2300599E9F /* History.swift */ = {isa = PBXFileReference; lastKnownFileType = sourcecode.swift; path = History.swift; sourceTree = "<group>"; };
		85A0ED1D29CE2690001C64EA /* MeetingHeaderVIew.swift */ = {isa = PBXFileReference; lastKnownFileType = sourcecode.swift; path = MeetingHeaderVIew.swift; sourceTree = "<group>"; };
		85A0ED2129CE2F61001C64EA /* ScrumProgressViewStyle.swift */ = {isa = PBXFileReference; lastKnownFileType = sourcecode.swift; path = ScrumProgressViewStyle.swift; sourceTree = "<group>"; };
		85B1D91E29D085B8007D7F54 /* ScrumStore.swift */ = {isa = PBXFileReference; lastKnownFileType = sourcecode.swift; path = ScrumStore.swift; sourceTree = "<group>"; };
		85D2031729C0D97F008758E8 /* Scrumdinger.app */ = {isa = PBXFileReference; explicitFileType = wrapper.application; includeInIndex = 0; path = Scrumdinger.app; sourceTree = BUILT_PRODUCTS_DIR; };
		85D2031A29C0D97F008758E8 /* ScrumdingerApp.swift */ = {isa = PBXFileReference; lastKnownFileType = sourcecode.swift; path = ScrumdingerApp.swift; sourceTree = "<group>"; };
		85D2031C29C0D97F008758E8 /* MettingView.swift */ = {isa = PBXFileReference; lastKnownFileType = sourcecode.swift; path = MettingView.swift; sourceTree = "<group>"; };
		85D2031E29C0D980008758E8 /* Assets.xcassets */ = {isa = PBXFileReference; lastKnownFileType = folder.assetcatalog; path = Assets.xcassets; sourceTree = "<group>"; };
		85D2032129C0D980008758E8 /* Preview Assets.xcassets */ = {isa = PBXFileReference; lastKnownFileType = folder.assetcatalog; path = "Preview Assets.xcassets"; sourceTree = "<group>"; };
		85DBE2E629D5CD8900322EB9 /* MeetingTimerView.swift */ = {isa = PBXFileReference; lastKnownFileType = sourcecode.swift; path = MeetingTimerView.swift; sourceTree = "<group>"; };
		85DBE2E829D5DE0900322EB9 /* SpeakerArc.swift */ = {isa = PBXFileReference; lastKnownFileType = sourcecode.swift; path = SpeakerArc.swift; sourceTree = "<group>"; };
		85E0DBEB29C7C6DA00325B60 /* ExtensionColor.swift */ = {isa = PBXFileReference; lastKnownFileType = sourcecode.swift; path = ExtensionColor.swift; sourceTree = "<group>"; };
		85E0DBED29C7DB1100325B60 /* DetailView.swift */ = {isa = PBXFileReference; lastKnownFileType = sourcecode.swift; path = DetailView.swift; sourceTree = "<group>"; };
		85E0DBF029C8724500325B60 /* DetailEditView.swift */ = {isa = PBXFileReference; lastKnownFileType = sourcecode.swift; path = DetailEditView.swift; sourceTree = "<group>"; };
/* End PBXFileReference section */

/* Begin PBXFrameworksBuildPhase section */
		85D2031429C0D97F008758E8 /* Frameworks */ = {
			isa = PBXFrameworksBuildPhase;
			buildActionMask = 2147483647;
			files = (
			);
			runOnlyForDeploymentPostprocessing = 0;
		};
/* End PBXFrameworksBuildPhase section */

/* Begin PBXGroup section */
		8527A22A29C3294300BF57E2 /* Model */ = {
			isa = PBXGroup;
			children = (
				8527A22C29C3297200BF57E2 /* ThemeModel.swift */,
				8527A22E29C32BD100BF57E2 /* DailyScrumModel.swift */,
				8527A23229C336B300BF57E2 /* TrailingIconLabelStyle.swift */,
				85E0DBEB29C7C6DA00325B60 /* ExtensionColor.swift */,
				850B890229CE45CA00F02AF2 /* ScrumTimer.swift */,
				850B890629CE590C00F02AF2 /* AVPlayer+Ding.swift */,
				8589BAFC29CFAD2300599E9F /* History.swift */,
				85B1D91E29D085B8007D7F54 /* ScrumStore.swift */,
				850B739629D4819F00620497 /* ErrorWrapper.swift */,
				85DBE2E829D5DE0900322EB9 /* SpeakerArc.swift */,
				853B2B1129D8D4AE0008FA90 /* SpeechRecognition.swift */,
			);
			path = Model;
			sourceTree = "<group>";
		};
		8527A22B29C3295000BF57E2 /* View */ = {
			isa = PBXGroup;
			children = (
				85D2031C29C0D97F008758E8 /* MettingView.swift */,
				8527A23029C334F100BF57E2 /* CardView.swift */,
				8536A6D929C52DD5001E4488 /* ScrumsView.swift */,
				85E0DBED29C7DB1100325B60 /* DetailView.swift */,
				85E0DBF029C8724500325B60 /* DetailEditView.swift */,
				851F122D29CA91F60053444F /* ThemeView.swift */,
				851F122F29CA92EC0053444F /* ThemePickerView.swift */,
				85A0ED1D29CE2690001C64EA /* MeetingHeaderVIew.swift */,
				85A0ED2129CE2F61001C64EA /* ScrumProgressViewStyle.swift */,
				850B890429CE554500F02AF2 /* MeetingFooterView.swift */,
				850B739829D4823500620497 /* ErrorView.swift */,
				85DBE2E629D5CD8900322EB9 /* MeetingTimerView.swift */,
				853B2B1329D8D7CA0008FA90 /* HistoryView.swift */,
			);
			path = View;
			sourceTree = "<group>";
		};
		85D2030E29C0D97E008758E8 = {
			isa = PBXGroup;
			children = (
				85D2031929C0D97F008758E8 /* Scrumdinger */,
				85D2031829C0D97F008758E8 /* Products */,
			);
			sourceTree = "<group>";
		};
		85D2031829C0D97F008758E8 /* Products */ = {
			isa = PBXGroup;
			children = (
				85D2031729C0D97F008758E8 /* Scrumdinger.app */,
			);
			name = Products;
			sourceTree = "<group>";
		};
		85D2031929C0D97F008758E8 /* Scrumdinger */ = {
			isa = PBXGroup;
			children = (
				8527A22B29C3295000BF57E2 /* View */,
				8527A22A29C3294300BF57E2 /* Model */,
				85D2031A29C0D97F008758E8 /* ScrumdingerApp.swift */,
				85D2031E29C0D980008758E8 /* Assets.xcassets */,
				85D2032029C0D980008758E8 /* Preview Content */,
			);
			path = Scrumdinger;
			sourceTree = "<group>";
		};
		85D2032029C0D980008758E8 /* Preview Content */ = {
			isa = PBXGroup;
			children = (
				85D2032129C0D980008758E8 /* Preview Assets.xcassets */,
			);
			path = "Preview Content";
			sourceTree = "<group>";
		};
/* End PBXGroup section */

/* Begin PBXNativeTarget section */
		85D2031629C0D97F008758E8 /* Scrumdinger */ = {
			isa = PBXNativeTarget;
			buildConfigurationList = 85D2032529C0D980008758E8 /* Build configuration list for PBXNativeTarget "Scrumdinger" */;
			buildPhases = (
				85D2031329C0D97F008758E8 /* Sources */,
				85D2031429C0D97F008758E8 /* Frameworks */,
				85D2031529C0D97F008758E8 /* Resources */,
			);
			buildRules = (
			);
			dependencies = (
			);
			name = Scrumdinger;
			productName = Scrumdinger;
			productReference = 85D2031729C0D97F008758E8 /* Scrumdinger.app */;
			productType = "com.apple.product-type.application";
		};
/* End PBXNativeTarget section */

/* Begin PBXProject section */
		85D2030F29C0D97E008758E8 /* Project object */ = {
			isa = PBXProject;
			attributes = {
				BuildIndependentTargetsInParallel = 1;
				LastSwiftUpdateCheck = 1420;
				LastUpgradeCheck = 1420;
				TargetAttributes = {
					85D2031629C0D97F008758E8 = {
						CreatedOnToolsVersion = 14.2;
					};
				};
			};
			buildConfigurationList = 85D2031229C0D97F008758E8 /* Build configuration list for PBXProject "Scrumdinger" */;
			compatibilityVersion = "Xcode 14.0";
			developmentRegion = en;
			hasScannedForEncodings = 0;
			knownRegions = (
				en,
				Base,
			);
			mainGroup = 85D2030E29C0D97E008758E8;
			productRefGroup = 85D2031829C0D97F008758E8 /* Products */;
			projectDirPath = "";
			projectRoot = "";
			targets = (
				85D2031629C0D97F008758E8 /* Scrumdinger */,
			);
		};
/* End PBXProject section */

/* Begin PBXResourcesBuildPhase section */
		85D2031529C0D97F008758E8 /* Resources */ = {
			isa = PBXResourcesBuildPhase;
			buildActionMask = 2147483647;
			files = (
				85D2032229C0D980008758E8 /* Preview Assets.xcassets in Resources */,
				85D2031F29C0D980008758E8 /* Assets.xcassets in Resources */,
			);
			runOnlyForDeploymentPostprocessing = 0;
		};
/* End PBXResourcesBuildPhase section */

/* Begin PBXSourcesBuildPhase section */
		85D2031329C0D97F008758E8 /* Sources */ = {
			isa = PBXSourcesBuildPhase;
			buildActionMask = 2147483647;
			files = (
				8589BAFD29CFAD2300599E9F /* History.swift in Sources */,
				851F123029CA92EC0053444F /* ThemePickerView.swift in Sources */,
				8527A22F29C32BD100BF57E2 /* DailyScrumModel.swift in Sources */,
				85A0ED2229CE2F61001C64EA /* ScrumProgressViewStyle.swift in Sources */,
				85DBE2E929D5DE0900322EB9 /* SpeakerArc.swift in Sources */,
				850B739929D4823500620497 /* ErrorView.swift in Sources */,
				851F122E29CA91F60053444F /* ThemeView.swift in Sources */,
				853B2B1429D8D7CA0008FA90 /* HistoryView.swift in Sources */,
				85DBE2E729D5CD8900322EB9 /* MeetingTimerView.swift in Sources */,
				85E0DBEE29C7DB1100325B60 /* DetailView.swift in Sources */,
				85B1D91F29D085B8007D7F54 /* ScrumStore.swift in Sources */,
				850B890729CE590C00F02AF2 /* AVPlayer+Ding.swift in Sources */,
				850B739729D4819F00620497 /* ErrorWrapper.swift in Sources */,
				850B890529CE554500F02AF2 /* MeetingFooterView.swift in Sources */,
				8527A23329C336B300BF57E2 /* TrailingIconLabelStyle.swift in Sources */,
				8527A22D29C3297200BF57E2 /* ThemeModel.swift in Sources */,
				85A0ED1E29CE2690001C64EA /* MeetingHeaderVIew.swift in Sources */,
				85E0DBEC29C7C6DA00325B60 /* ExtensionColor.swift in Sources */,
				850B890329CE45CA00F02AF2 /* ScrumTimer.swift in Sources */,
				8536A6DA29C52DD5001E4488 /* ScrumsView.swift in Sources */,
				853B2B1229D8D4AE0008FA90 /* SpeechRecognition.swift in Sources */,
				85D2031D29C0D97F008758E8 /* MettingView.swift in Sources */,
				85E0DBF129C8724500325B60 /* DetailEditView.swift in Sources */,
				85D2031B29C0D97F008758E8 /* ScrumdingerApp.swift in Sources */,
				8527A23129C334F100BF57E2 /* CardView.swift in Sources */,
			);
			runOnlyForDeploymentPostprocessing = 0;
		};
/* End PBXSourcesBuildPhase section */

/* Begin XCBuildConfiguration section */
		85D2032329C0D980008758E8 /* Debug */ = {
			isa = XCBuildConfiguration;
			buildSettings = {
				ALWAYS_SEARCH_USER_PATHS = NO;
				CLANG_ANALYZER_NONNULL = YES;
				CLANG_ANALYZER_NUMBER_OBJECT_CONVERSION = YES_AGGRESSIVE;
				CLANG_CXX_LANGUAGE_STANDARD = "gnu++20";
				CLANG_ENABLE_MODULES = YES;
				CLANG_ENABLE_OBJC_ARC = YES;
				CLANG_ENABLE_OBJC_WEAK = YES;
				CLANG_WARN_BLOCK_CAPTURE_AUTORELEASING = YES;
				CLANG_WARN_BOOL_CONVERSION = YES;
				CLANG_WARN_COMMA = YES;
				CLANG_WARN_CONSTANT_CONVERSION = YES;
				CLANG_WARN_DEPRECATED_OBJC_IMPLEMENTATIONS = YES;
				CLANG_WARN_DIRECT_OBJC_ISA_USAGE = YES_ERROR;
				CLANG_WARN_DOCUMENTATION_COMMENTS = YES;
				CLANG_WARN_EMPTY_BODY = YES;
				CLANG_WARN_ENUM_CONVERSION = YES;
				CLANG_WARN_INFINITE_RECURSION = YES;
				CLANG_WARN_INT_CONVERSION = YES;
				CLANG_WARN_NON_LITERAL_NULL_CONVERSION = YES;
				CLANG_WARN_OBJC_IMPLICIT_RETAIN_SELF = YES;
				CLANG_WARN_OBJC_LITERAL_CONVERSION = YES;
				CLANG_WARN_OBJC_ROOT_CLASS = YES_ERROR;
				CLANG_WARN_QUOTED_INCLUDE_IN_FRAMEWORK_HEADER = YES;
				CLANG_WARN_RANGE_LOOP_ANALYSIS = YES;
				CLANG_WARN_STRICT_PROTOTYPES = YES;
				CLANG_WARN_SUSPICIOUS_MOVE = YES;
				CLANG_WARN_UNGUARDED_AVAILABILITY = YES_AGGRESSIVE;
				CLANG_WARN_UNREACHABLE_CODE = YES;
				CLANG_WARN__DUPLICATE_METHOD_MATCH = YES;
				COPY_PHASE_STRIP = NO;
				DEBUG_INFORMATION_FORMAT = dwarf;
				ENABLE_STRICT_OBJC_MSGSEND = YES;
				ENABLE_TESTABILITY = YES;
				GCC_C_LANGUAGE_STANDARD = gnu11;
				GCC_DYNAMIC_NO_PIC = NO;
				GCC_NO_COMMON_BLOCKS = YES;
				GCC_OPTIMIZATION_LEVEL = 0;
				GCC_PREPROCESSOR_DEFINITIONS = (
					"DEBUG=1",
					"$(inherited)",
				);
				GCC_WARN_64_TO_32_BIT_CONVERSION = YES;
				GCC_WARN_ABOUT_RETURN_TYPE = YES_ERROR;
				GCC_WARN_UNDECLARED_SELECTOR = YES;
				GCC_WARN_UNINITIALIZED_AUTOS = YES_AGGRESSIVE;
				GCC_WARN_UNUSED_FUNCTION = YES;
				GCC_WARN_UNUSED_VARIABLE = YES;
				IPHONEOS_DEPLOYMENT_TARGET = 16.2;
				MTL_ENABLE_DEBUG_INFO = INCLUDE_SOURCE;
				MTL_FAST_MATH = YES;
				ONLY_ACTIVE_ARCH = YES;
				SDKROOT = iphoneos;
				SWIFT_ACTIVE_COMPILATION_CONDITIONS = DEBUG;
				SWIFT_OPTIMIZATION_LEVEL = "-Onone";
			};
			name = Debug;
		};
		85D2032429C0D980008758E8 /* Release */ = {
			isa = XCBuildConfiguration;
			buildSettings = {
				ALWAYS_SEARCH_USER_PATHS = NO;
				CLANG_ANALYZER_NONNULL = YES;
				CLANG_ANALYZER_NUMBER_OBJECT_CONVERSION = YES_AGGRESSIVE;
				CLANG_CXX_LANGUAGE_STANDARD = "gnu++20";
				CLANG_ENABLE_MODULES = YES;
				CLANG_ENABLE_OBJC_ARC = YES;
				CLANG_ENABLE_OBJC_WEAK = YES;
				CLANG_WARN_BLOCK_CAPTURE_AUTORELEASING = YES;
				CLANG_WARN_BOOL_CONVERSION = YES;
				CLANG_WARN_COMMA = YES;
				CLANG_WARN_CONSTANT_CONVERSION = YES;
				CLANG_WARN_DEPRECATED_OBJC_IMPLEMENTATIONS = YES;
				CLANG_WARN_DIRECT_OBJC_ISA_USAGE = YES_ERROR;
				CLANG_WARN_DOCUMENTATION_COMMENTS = YES;
				CLANG_WARN_EMPTY_BODY = YES;
				CLANG_WARN_ENUM_CONVERSION = YES;
				CLANG_WARN_INFINITE_RECURSION = YES;
				CLANG_WARN_INT_CONVERSION = YES;
				CLANG_WARN_NON_LITERAL_NULL_CONVERSION = YES;
				CLANG_WARN_OBJC_IMPLICIT_RETAIN_SELF = YES;
				CLANG_WARN_OBJC_LITERAL_CONVERSION = YES;
				CLANG_WARN_OBJC_ROOT_CLASS = YES_ERROR;
				CLANG_WARN_QUOTED_INCLUDE_IN_FRAMEWORK_HEADER = YES;
				CLANG_WARN_RANGE_LOOP_ANALYSIS = YES;
				CLANG_WARN_STRICT_PROTOTYPES = YES;
				CLANG_WARN_SUSPICIOUS_MOVE = YES;
				CLANG_WARN_UNGUARDED_AVAILABILITY = YES_AGGRESSIVE;
				CLANG_WARN_UNREACHABLE_CODE = YES;
				CLANG_WARN__DUPLICATE_METHOD_MATCH = YES;
				COPY_PHASE_STRIP = NO;
				DEBUG_INFORMATION_FORMAT = "dwarf-with-dsym";
				ENABLE_NS_ASSERTIONS = NO;
				ENABLE_STRICT_OBJC_MSGSEND = YES;
				GCC_C_LANGUAGE_STANDARD = gnu11;
				GCC_NO_COMMON_BLOCKS = YES;
				GCC_WARN_64_TO_32_BIT_CONVERSION = YES;
				GCC_WARN_ABOUT_RETURN_TYPE = YES_ERROR;
				GCC_WARN_UNDECLARED_SELECTOR = YES;
				GCC_WARN_UNINITIALIZED_AUTOS = YES_AGGRESSIVE;
				GCC_WARN_UNUSED_FUNCTION = YES;
				GCC_WARN_UNUSED_VARIABLE = YES;
				IPHONEOS_DEPLOYMENT_TARGET = 16.2;
				MTL_ENABLE_DEBUG_INFO = NO;
				MTL_FAST_MATH = YES;
				SDKROOT = iphoneos;
				SWIFT_COMPILATION_MODE = wholemodule;
				SWIFT_OPTIMIZATION_LEVEL = "-O";
				VALIDATE_PRODUCT = YES;
			};
			name = Release;
		};
		85D2032629C0D980008758E8 /* Debug */ = {
			isa = XCBuildConfiguration;
			buildSettings = {
				ASSETCATALOG_COMPILER_APPICON_NAME = AppIcon;
				ASSETCATALOG_COMPILER_GLOBAL_ACCENT_COLOR_NAME = AccentColor;
				CODE_SIGN_STYLE = Automatic;
				CURRENT_PROJECT_VERSION = 1;
				DEVELOPMENT_ASSET_PATHS = "\"Scrumdinger/Preview Content\"";
				ENABLE_PREVIEWS = YES;
				GENERATE_INFOPLIST_FILE = YES;
				INFOPLIST_KEY_NSMicrophoneUsageDescription = "";
				INFOPLIST_KEY_NSSpeechRecognitionUsageDescription = "$(MARKETING_VERSION)";
				INFOPLIST_KEY_UIApplicationSceneManifest_Generation = YES;
				INFOPLIST_KEY_UIApplicationSupportsIndirectInputEvents = YES;
				INFOPLIST_KEY_UILaunchScreen_Generation = YES;
				INFOPLIST_KEY_UISupportedInterfaceOrientations_iPad = "UIInterfaceOrientationPortrait UIInterfaceOrientationPortraitUpsideDown UIInterfaceOrientationLandscapeLeft UIInterfaceOrientationLandscapeRight";
				INFOPLIST_KEY_UISupportedInterfaceOrientations_iPhone = "UIInterfaceOrientationPortrait UIInterfaceOrientationLandscapeLeft UIInterfaceOrientationLandscapeRight";
				IPHONEOS_DEPLOYMENT_TARGET = 15.0;
				LD_RUNPATH_SEARCH_PATHS = (
					"$(inherited)",
					"@executable_path/Frameworks",
				);
				MARKETING_VERSION = 1.0;
				PRODUCT_BUNDLE_IDENTIFIER = orlandomoraesmartins.Scrumdinger;
				PRODUCT_NAME = "$(TARGET_NAME)";
				SWIFT_EMIT_LOC_STRINGS = YES;
				SWIFT_VERSION = 5.0;
				TARGETED_DEVICE_FAMILY = "1,2";
			};
			name = Debug;
		};
		85D2032729C0D980008758E8 /* Release */ = {
			isa = XCBuildConfiguration;
			buildSettings = {
				ASSETCATALOG_COMPILER_APPICON_NAME = AppIcon;
				ASSETCATALOG_COMPILER_GLOBAL_ACCENT_COLOR_NAME = AccentColor;
				CODE_SIGN_STYLE = Automatic;
				CURRENT_PROJECT_VERSION = 1;
				DEVELOPMENT_ASSET_PATHS = "\"Scrumdinger/Preview Content\"";
				ENABLE_PREVIEWS = YES;
				GENERATE_INFOPLIST_FILE = YES;
				INFOPLIST_KEY_NSMicrophoneUsageDescription = "";
				INFOPLIST_KEY_NSSpeechRecognitionUsageDescription = "$(MARKETING_VERSION)";
				INFOPLIST_KEY_UIApplicationSceneManifest_Generation = YES;
				INFOPLIST_KEY_UIApplicationSupportsIndirectInputEvents = YES;
				INFOPLIST_KEY_UILaunchScreen_Generation = YES;
				INFOPLIST_KEY_UISupportedInterfaceOrientations_iPad = "UIInterfaceOrientationPortrait UIInterfaceOrientationPortraitUpsideDown UIInterfaceOrientationLandscapeLeft UIInterfaceOrientationLandscapeRight";
				INFOPLIST_KEY_UISupportedInterfaceOrientations_iPhone = "UIInterfaceOrientationPortrait UIInterfaceOrientationLandscapeLeft UIInterfaceOrientationLandscapeRight";
				IPHONEOS_DEPLOYMENT_TARGET = 15.0;
				LD_RUNPATH_SEARCH_PATHS = (
					"$(inherited)",
					"@executable_path/Frameworks",
				);
				MARKETING_VERSION = 1.0;
				PRODUCT_BUNDLE_IDENTIFIER = orlandomoraesmartins.Scrumdinger;
				PRODUCT_NAME = "$(TARGET_NAME)";
				SWIFT_EMIT_LOC_STRINGS = YES;
				SWIFT_VERSION = 5.0;
				TARGETED_DEVICE_FAMILY = "1,2";
			};
			name = Release;
		};
/* End XCBuildConfiguration section */

/* Begin XCConfigurationList section */
		85D2031229C0D97F008758E8 /* Build configuration list for PBXProject "Scrumdinger" */ = {
			isa = XCConfigurationList;
			buildConfigurations = (
				85D2032329C0D980008758E8 /* Debug */,
				85D2032429C0D980008758E8 /* Release */,
			);
			defaultConfigurationIsVisible = 0;
			defaultConfigurationName = Release;
		};
		85D2032529C0D980008758E8 /* Build configuration list for PBXNativeTarget "Scrumdinger" */ = {
			isa = XCConfigurationList;
			buildConfigurations = (
				85D2032629C0D980008758E8 /* Debug */,
				85D2032729C0D980008758E8 /* Release */,
			);
			defaultConfigurationIsVisible = 0;
			defaultConfigurationName = Release;
		};
/* End XCConfigurationList section */
	};
	rootObject = 85D2030F29C0D97E008758E8 /* Project object */;
}
